
Microsoft Visual Studio Solution File, Format Version 12.00
# Visual Studio Version 17
VisualStudioVersion = 17.5.33627.172
MinimumVisualStudioVersion = 10.0.40219.1
Project("{FAE04EC0-301F-11D3-BF4B-00C04F79EFBC}") = "TestMVCGithub", "TestMVCGithub\TestMVCGithub.csproj", "{BA8DF463-15A7-4A20-A303-A4367AE1723C}"
EndProject
Global
	GlobalSection(SolutionConfigurationPlatforms) = preSolution
		Debug|Any CPU = Debug|Any CPU
		Release|Any CPU = Release|Any CPU
	EndGlobalSection
	GlobalSection(ProjectConfigurationPlatforms) = postSolution
		{BA8DF463-15A7-4A20-A303-A4367AE1723C}.Debug|Any CPU.ActiveCfg = Debug|Any CPU
		{BA8DF463-15A7-4A20-A303-A4367AE1723C}.Debug|Any CPU.Build.0 = Debug|Any CPU
		{BA8DF463-15A7-4A20-A303-A4367AE1723C}.Release|Any CPU.ActiveCfg = Release|Any CPU
		{BA8DF463-15A7-4A20-A303-A4367AE1723C}.Release|Any CPU.Build.0 = Release|Any CPU
	EndGlobalSection
	GlobalSection(SolutionProperties) = preSolution
		HideSolutionNode = FALSE
	EndGlobalSection
	GlobalSection(ExtensibilityGlobals) = postSolution
		SolutionGuid = {E988BAB0-176D-421D-A2E7-21EBF1D8F902}
	EndGlobalSection
EndGlobal
